Microsoft Visual Studio Solution File, Format Version 12.00
# Visual Studio Version 17
VisualStudioVersion = 17.5.2.0
MinimumVisualStudioVersion = 10.0.40219.1
Project("{FAE04EC0-301F-11D3-BF4B-00C04F79EFBC}") = "ics", "ics.csproj", "{57624CF2-B59C-0BBD-E778-BC0944F70F33}"
EndProject
Global
	GlobalSection(SolutionConfigurationPlatforms) = preSolution
		Debug|Any CPU = Debug|Any CPU
		Release|Any CPU = Release|Any CPU
	EndGlobalSection
	GlobalSection(ProjectConfigurationPlatforms) = postSolution
		{57624CF2-B59C-0BBD-E778-BC0944F70F33}.Debug|Any CPU.ActiveCfg = Debug|Any CPU
		{57624CF2-B59C-0BBD-E778-BC0944F70F33}.Debug|Any CPU.Build.0 = Debug|Any CPU
		{57624CF2-B59C-0BBD-E778-BC0944F70F33}.Release|Any CPU.ActiveCfg = Release|Any CPU
		{57624CF2-B59C-0BBD-E778-BC0944F70F33}.Release|Any CPU.Build.0 = Release|Any CPU
	EndGlobalSection
	GlobalSection(SolutionProperties) = preSolution
		HideSolutionNode = FALSE
	EndGlobalSection
	GlobalSection(ExtensibilityGlobals) = postSolution
		SolutionGuid = {8277D944-F01E-4ED0-A857-62398373EF59}
	EndGlobalSection
EndGlobal
